Microsoft Visual Studio Solution File, Format Version 12.00
# Visual Studio 14
VisualStudioVersion = 14.0.25008.0
MinimumVisualStudioVersion = 10.0.40219.1
Project("{8BC9CEB8-8B4A-11D0-8D11-00A0C91BC942}") = "avs2avi", "avs2avi.vcxproj", "{FE0B87E5-718D-488F-95A8-C6429D2463CD}"
EndProject
Global
	GlobalSection(SolutionConfigurationPlatforms) = preSolution
		Debug|ARM = Debug|ARM
		Debug|ARM64 = Debug|ARM64
		Debug|x86 = Debug|x86
		Release|ARM = Release|ARM
		Release|ARM64 = Release|ARM64
		Release|x86 = Release|x86
	EndGlobalSection
	GlobalSection(ProjectConfigurationPlatforms) = postSolution
		{FE0B87E5-718D-488F-95A8-C6429D2463CD}.Debug|ARM.ActiveCfg = Debug|ARM
		{FE0B87E5-718D-488F-95A8-C6429D2463CD}.Debug|ARM.Build.0 = Debug|ARM
		{FE0B87E5-718D-488F-95A8-C6429D2463CD}.Debug|ARM64.ActiveCfg = Debug|ARM64
		{FE0B87E5-718D-488F-95A8-C6429D2463CD}.Debug|ARM64.Build.0 = Debug|ARM64
		{FE0B87E5-718D-488F-95A8-C6429D2463CD}.Debug|x86.ActiveCfg = Debug|Win32
		{FE0B87E5-718D-488F-95A8-C6429D2463CD}.Debug|x86.Build.0 = Debug|Win32
		{FE0B87E5-718D-488F-95A8-C6429D2463CD}.Release|ARM.ActiveCfg = Release|ARM
		{FE0B87E5-718D-488F-95A8-C6429D2463CD}.Release|ARM.Build.0 = Release|ARM
		{FE0B87E5-718D-488F-95A8-C6429D2463CD}.Release|ARM64.ActiveCfg = Release|ARM64
		{FE0B87E5-718D-488F-95A8-C6429D2463CD}.Release|ARM64.Build.0 = Release|ARM64
		{FE0B87E5-718D-488F-95A8-C6429D2463CD}.Release|x86.ActiveCfg = Release|Win32
		{FE0B87E5-718D-488F-95A8-C6429D2463CD}.Release|x86.Build.0 = Release|Win32
	EndGlobalSection
	GlobalSection(SolutionProperties) = preSolution
		HideSolutionNode = FALSE
	EndGlobalSection
EndGlobal
